
Microsoft Visual Studio Solution File, Format Version 12.00
# Visual Studio Version 16
VisualStudioVersion = 16.0.29926.136
MinimumVisualStudioVersion = 10.0.40219.1
Project("{2150E333-8FDC-42A3-9474-1A3956D46DE8}") = "Döngülerr", "Döngülerr", "{0D7C1903-4D5E-4737-968F-DC7B10408EC7}"
EndProject
Project("{9A19103F-16F7-4668-BE54-9A1E7A4F7556}") = "ForDöngü", "ForDöngü\ForDöngü.csproj", "{EFCFC072-36F9-4457-B656-67E97E26DE0A}"
EndProject
Project("{9A19103F-16F7-4668-BE54-9A1E7A4F7556}") = "Foreach", "Foreach\Foreach.csproj", "{2F536FD7-87E5-4E7F-BDDF-6F43AB2471E7}"
EndProject
Project("{9A19103F-16F7-4668-BE54-9A1E7A4F7556}") = "WhileDöngüsü", "WhileDöngüsü\WhileDöngüsü.csproj", "{1C1D6B5B-579D-4B59-ABE6-3BE6B4BA97C1}"
EndProject
Project("{9A19103F-16F7-4668-BE54-9A1E7A4F7556}") = "doWhile", "doWhile\doWhile.csproj", "{45B3E0DC-3B9C-4040-A510-5EDD888F77E0}"
EndProject
Project("{9A19103F-16F7-4668-BE54-9A1E7A4F7556}") = "diziler", "diziler\diziler.csproj", "{AFB06636-8362-4144-83C4-AD13EC039F3E}"
EndProject
Project("{2150E333-8FDC-42A3-9474-1A3956D46DE8}") = "AraştırmaKonuları", "AraştırmaKonuları", "{0555D4C6-E383-44C4-886D-26B8832AAB0A}"
EndProject
Project("{9A19103F-16F7-4668-BE54-9A1E7A4F7556}") = "paramsKullanimi", "params\paramsKullanimi.csproj", "{B4F144E1-486D-4445-99EE-7F5096395077}"
EndProject
Project("{2150E333-8FDC-42A3-9474-1A3956D46DE8}") = "Koleksiyonlar", "Koleksiyonlar", "{59BE0237-DF56-4B61-AE28-86FC0C203D7A}"
EndProject
Project("{9A19103F-16F7-4668-BE54-9A1E7A4F7556}") = "ArrayListGenelKullanım", "ArrayList\ArrayListGenelKullanım.csproj", "{5BAF888A-B93C-4D4F-9E06-EC4820666FF2}"
EndProject
Project("{9A19103F-16F7-4668-BE54-9A1E7A4F7556}") = "AraayListÖdev", "AraayListÖdev\AraayListÖdev.csproj", "{ECF9A122-E56C-4EAC-BCB1-30C4702ADBA0}"
EndProject
Project("{9A19103F-16F7-4668-BE54-9A1E7A4F7556}") = "HashtableGenelKullanım", "HashTable\HashtableGenelKullanım.csproj", "{0A5519EF-E159-4363-9A84-F23D97A245A9}"
EndProject
Project("{9A19103F-16F7-4668-BE54-9A1E7A4F7556}") = "HashtableÖdev", "HashtableÖdev\HashtableÖdev.csproj", "{B1E10438-C22D-4AEE-A3B9-9DF1EA91A578}"
EndProject
Project("{9A19103F-16F7-4668-BE54-9A1E7A4F7556}") = "SortedListGenelKullanım", "SortedList\SortedListGenelKullanım.csproj", "{368E0338-9BAB-42F7-B348-520D6F801013}"
EndProject
Project("{9A19103F-16F7-4668-BE54-9A1E7A4F7556}") = "StackGenelKullanım", "StackGenelKullanım\StackGenelKullanım.csproj", "{C0BBB6BE-CA1A-45DC-8E6B-33F4C6C89720}"
EndProject
Project("{9A19103F-16F7-4668-BE54-9A1E7A4F7556}") = "QueueGenelKullannım", "Queue\QueueGenelKullannım.csproj", "{2B2D0089-7B06-48E4-95D3-A81C7F7E28A7}"
EndProject
Project("{2150E333-8FDC-42A3-9474-1A3956D46DE8}") = "Metotlar", "Metotlar", "{25A52101-2F41-4741-B307-550D78A866FB}"
EndProject
Project("{9A19103F-16F7-4668-BE54-9A1E7A4F7556}") = "MetotlarGenelKullanım", "MainMetodu\MetotlarGenelKullanım.csproj", "{CF018CE0-36CE-4E77-9B54-46BF0BEEA8E5}"
EndProject
Project("{9A19103F-16F7-4668-BE54-9A1E7A4F7556}") = "TuppleKullanımı", "TuppleKullanımı\TuppleKullanımı.csproj", "{51BD6914-7817-407E-957C-8EC1CC71A74D}"
EndProject
Project("{9A19103F-16F7-4668-BE54-9A1E7A4F7556}") = "MetotlarUygulama", "MetotlarUygulama\MetotlarUygulama.csproj", "{2A702008-E5EC-48CB-93AC-6875D74BEA94}"
EndProject
Project("{9A19103F-16F7-4668-BE54-9A1E7A4F7556}") = "MetotlarÖdev", "MetotlarÖdev\MetotlarÖdev.csproj", "{8F3A946A-D451-453F-A9E4-1AFAFDE058B7}"
EndProject
Project("{9A19103F-16F7-4668-BE54-9A1E7A4F7556}") = "RefveOut", "RefveOut\RefveOut.csproj", "{07C27B84-3579-4EA9-BF91-F74F2BACF3F2}"
EndProject
Project("{9A19103F-16F7-4668-BE54-9A1E7A4F7556}") = "AşırıYüklenme", "AşırıYüklenme\AşırıYüklenme.csproj", "{70B63172-09B7-4864-9A04-F67814B73728}"
EndProject
Project("{2150E333-8FDC-42A3-9474-1A3956D46DE8}") = "kalıtım", "kalıtım", "{3E933254-6075-47F1-A178-E1A74B382292}"
EndProject
Project("{9A19103F-16F7-4668-BE54-9A1E7A4F7556}") = "KalitimNedir", "KalitimNedir\KalitimNedir.csproj", "{31B928F7-2415-438C-BEFC-8AC5C95350C9}"
EndProject
Project("{2150E333-8FDC-42A3-9474-1A3956D46DE8}") = "InnerType", "InnerType", "{4E9D5538-43EF-4A15-8977-11233FC1B8F3}"
EndProject
Project("{9A19103F-16F7-4668-BE54-9A1E7A4F7556}") = "InnerTypeModelleme", "InnerTypeModelleme\InnerTypeModelleme.csproj", "{9B018F0A-BC1A-4414-81D9-07AD69853AF1}"
EndProject
Project("{9A19103F-16F7-4668-BE54-9A1E7A4F7556}") = "KalitimOdev", "KalitimOdev\KalitimOdev.csproj", "{C504A638-2B0F-4411-A914-FFA8BB7E2619}"
EndProject
Project("{2150E333-8FDC-42A3-9474-1A3956D46DE8}") = "Kapsülleme", "Kapsülleme", "{DADF7360-0959-4FC9-8263-8A9B1B778D7B}"
EndProject
Project("{9A19103F-16F7-4668-BE54-9A1E7A4F7556}") = "KapsullemeNedir", "KapsullemeNedir\KapsullemeNedir.csproj", "{52E1E2EF-9BED-484A-89CD-CEC586072B62}"
EndProject
Project("{2150E333-8FDC-42A3-9474-1A3956D46DE8}") = "Enum", "Enum", "{3C248AA6-AE56-4E05-8709-ECDD18594080}"
EndProject
Project("{9A19103F-16F7-4668-BE54-9A1E7A4F7556}") = "EnumNedir", "EnumNedir\EnumNedir.csproj", "{59325237-0FF8-4B60-B37E-9CC2E907DD2B}"
EndProject
Project("{2150E333-8FDC-42A3-9474-1A3956D46DE8}") = "GenericKoleksiyonlar", "GenericKoleksiyonlar", "{CA71E806-06AC-4BE4-8DDD-44EF70629982}"
EndProject
Project("{9A19103F-16F7-4668-BE54-9A1E7A4F7556}") = "GenericOnsesiislemler", "GenericOnsesiislemler\GenericOnsesiislemler.csproj", "{BCA4260D-6A1B-42C9-ABA0-C6E8F8FCD7B5}"
EndProject
Project("{9A19103F-16F7-4668-BE54-9A1E7A4F7556}") = "ListGeneric", "ListGeneric\ListGeneric.csproj", "{E4DCEE02-6806-4AC5-AD19-E265952A1CDC}"
EndProject
Project("{9A19103F-16F7-4668-BE54-9A1E7A4F7556}") = "GenericListInceleme", "GenericListInceleme\GenericListInceleme.csproj", "{C5F8349E-9708-4550-A82E-CD785EA82C04}"
EndProject
Project("{2150E333-8FDC-42A3-9474-1A3956D46DE8}") = "SanalMetotlar", "SanalMetotlar", "{3DFFD8E9-A6BB-4AB8-BA94-2648BBE9D359}"
EndProject
Project("{9A19103F-16F7-4668-BE54-9A1E7A4F7556}") = "SanalMetotNedir", "SanalMetotNedir\SanalMetotNedir.csproj", "{B0F8F16F-FA43-4060-BC93-03E666195F08}"
EndProject
Project("{9A19103F-16F7-4668-BE54-9A1E7A4F7556}") = "SanalMetotKullanımı", "SanalMetotKullanımı\SanalMetotKullanımı.csproj", "{85CCC2B4-53B7-4A99-BCC7-91D55D0C4062}"
EndProject
Project("{2150E333-8FDC-42A3-9474-1A3956D46DE8}") = "Interface_Abstract", "Interface_Abstract", "{799A5DC1-D8D5-4480-A30A-114B8C2A5A98}"
EndProject
Project("{9A19103F-16F7-4668-BE54-9A1E7A4F7556}") = "AbstractNedir", "AbstractNedir\AbstractNedir.csproj", "{C600357D-8FB8-42DF-BE84-E27F3167AB76}"
EndProject
Project("{9A19103F-16F7-4668-BE54-9A1E7A4F7556}") = "DelegateNedir", "Delegate\DelegateNedir.csproj", "{678A08C5-AF7E-4C5C-9538-186DA41B8A9C}"
EndProject
Project("{2150E333-8FDC-42A3-9474-1A3956D46DE8}") = "Delegate", "Delegate", "{FB91CF63-5168-4575-A108-4FF96552A599}"
EndProject
Project("{9A19103F-16F7-4668-BE54-9A1E7A4F7556}") = "IsimsizMetotKullanimi", "IsimsizMetotKullanimi\IsimsizMetotKullanimi.csproj", "{143C64F8-4C14-4279-8578-F8CB18416F5E}"
EndProject
Project("{2150E333-8FDC-42A3-9474-1A3956D46DE8}") = "LinqTeknolojisi", "LinqTeknolojisi", "{59EC6D2E-6851-4CC2-B655-58FE0260B493}"
EndProject
Project("{9A19103F-16F7-4668-BE54-9A1E7A4F7556}") = "Linq", "Linq\Linq.csproj", "{54B459BD-8C8D-496A-88B0-4FCFCF9BA6F0}"
EndProject
Project("{9A19103F-16F7-4668-BE54-9A1E7A4F7556}") = "Dictionary_SortedList", "Dictionary_SortedList\Dictionary_SortedList.csproj", "{51D70487-C05E-420B-A80E-592D2AD82635}"
EndProject
Project("{2150E333-8FDC-42A3-9474-1A3956D46DE8}") = "Generic_Class", "Generic_Class", "{51AF25F4-0889-4C0A-80BC-13FB2B014963}"
EndProject
Project("{9A19103F-16F7-4668-BE54-9A1E7A4F7556}") = "GenericClassNedir", "GenericClassNedir\GenericClassNedir.csproj", "{8B52B144-C443-4538-9017-4046D234EB99}"
EndProject
Project("{9A19103F-16F7-4668-BE54-9A1E7A4F7556}") = "GenericClass _ 2", "GenericClass _ 2\GenericClass _ 2.csproj", "{A8407874-0876-492B-82A5-088D7CA26BCC}"
EndProject
Project("{2150E333-8FDC-42A3-9474-1A3956D46DE8}") = "FomlarArasıVeriTaşıma", "FomlarArasıVeriTaşıma", "{CEC7CB22-C543-4835-BF79-0858C3300F06}"
EndProject
Project("{9A19103F-16F7-4668-BE54-9A1E7A4F7556}") = "FormlarArasiVeriTasima", "FormlarArasiVeriTasima\FormlarArasiVeriTasima.csproj", "{946F55C4-B105-4FC8-BBC3-84CC29D408C7}"
EndProject
Project("{9A19103F-16F7-4668-BE54-9A1E7A4F7556}") = "KullaniciGirisUygulama", "KullaniciGirisUygulama\KullaniciGirisUygulama.csproj", "{0E6D82F5-D2FB-4338-AFD9-F00380E4047B}"
EndProject
Project("{2150E333-8FDC-42A3-9474-1A3956D46DE8}") = "Formİslemleri", "Formİslemleri", "{EED3DB6D-510B-4694-8393-A629BBEBB8B0}"
EndProject
Project("{9A19103F-16F7-4668-BE54-9A1E7A4F7556}") = "MessageBoxNesnesi", "MessageBoxNesnesi\MessageBoxNesnesi.csproj", "{7A21551D-B950-4505-9D85-31A05759FBAD}"
EndProject
Project("{9A19103F-16F7-4668-BE54-9A1E7A4F7556}") = "MessageBoxUygulama", "MessageBoxUygulama\MessageBoxUygulama.csproj", "{481591F9-11CA-4084-B01B-48841F828D20}"
EndProject
Project("{9A19103F-16F7-4668-BE54-9A1E7A4F7556}") = "Show-ShowDialog", "Show-ShowDialog\Show-ShowDialog.csproj", "{F1B6FF69-D764-417A-8398-CE18D63E5991}"
EndProject
Project("{9A19103F-16F7-4668-BE54-9A1E7A4F7556}") = "FormKontrolleriInceleme", "FormKontrolleriInceleme\FormKontrolleriInceleme.csproj", "{F48B7E9F-C0D0-4C00-8BB2-55524D68CF83}"
EndProject
Project("{FAE04EC0-301F-11D3-BF4B-00C04F79EFBC}") = "DinamikFormElemanları", "DinamikFormElemanları\DinamikFormElemanları.csproj", "{B4F32403-6C5B-492E-B4CA-4B9CF168E7DD}"
EndProject
Project("{FAE04EC0-301F-11D3-BF4B-00C04F79EFBC}") = "ComboBoxUygulama", "ComboBox\ComboBoxUygulama.csproj", "{8055BFFF-2226-4647-9451-4298A0A34242}"
EndProject
Global
	GlobalSection(SolutionConfigurationPlatforms) = preSolution
		Debug|Any CPU = Debug|Any CPU
		Release|Any CPU = Release|Any CPU
	EndGlobalSection
	GlobalSection(ProjectConfigurationPlatforms) = postSolution
		{EFCFC072-36F9-4457-B656-67E97E26DE0A}.Debug|Any CPU.ActiveCfg = Debug|Any CPU
		{EFCFC072-36F9-4457-B656-67E97E26DE0A}.Debug|Any CPU.Build.0 = Debug|Any CPU
		{EFCFC072-36F9-4457-B656-67E97E26DE0A}.Release|Any CPU.ActiveCfg = Release|Any CPU
		{EFCFC072-36F9-4457-B656-67E97E26DE0A}.Release|Any CPU.Build.0 = Release|Any CPU
		{2F536FD7-87E5-4E7F-BDDF-6F43AB2471E7}.Debug|Any CPU.ActiveCfg = Debug|Any CPU
		{2F536FD7-87E5-4E7F-BDDF-6F43AB2471E7}.Debug|Any CPU.Build.0 = Debug|Any CPU
		{2F536FD7-87E5-4E7F-BDDF-6F43AB2471E7}.Release|Any CPU.ActiveCfg = Release|Any CPU
		{2F536FD7-87E5-4E7F-BDDF-6F43AB2471E7}.Release|Any CPU.Build.0 = Release|Any CPU
		{1C1D6B5B-579D-4B59-ABE6-3BE6B4BA97C1}.Debug|Any CPU.ActiveCfg = Debug|Any CPU
		{1C1D6B5B-579D-4B59-ABE6-3BE6B4BA97C1}.Debug|Any CPU.Build.0 = Debug|Any CPU
		{1C1D6B5B-579D-4B59-ABE6-3BE6B4BA97C1}.Release|Any CPU.ActiveCfg = Release|Any CPU
		{1C1D6B5B-579D-4B59-ABE6-3BE6B4BA97C1}.Release|Any CPU.Build.0 = Release|Any CPU
		{45B3E0DC-3B9C-4040-A510-5EDD888F77E0}.Debug|Any CPU.ActiveCfg = Debug|Any CPU
		{45B3E0DC-3B9C-4040-A510-5EDD888F77E0}.Debug|Any CPU.Build.0 = Debug|Any CPU
		{45B3E0DC-3B9C-4040-A510-5EDD888F77E0}.Release|Any CPU.ActiveCfg = Release|Any CPU
		{45B3E0DC-3B9C-4040-A510-5EDD888F77E0}.Release|Any CPU.Build.0 = Release|Any CPU
		{AFB06636-8362-4144-83C4-AD13EC039F3E}.Debug|Any CPU.ActiveCfg = Debug|Any CPU
		{AFB06636-8362-4144-83C4-AD13EC039F3E}.Debug|Any CPU.Build.0 = Debug|Any CPU
		{AFB06636-8362-4144-83C4-AD13EC039F3E}.Release|Any CPU.ActiveCfg = Release|Any CPU
		{AFB06636-8362-4144-83C4-AD13EC039F3E}.Release|Any CPU.Build.0 = Release|Any CPU
		{B4F144E1-486D-4445-99EE-7F5096395077}.Debug|Any CPU.ActiveCfg = Debug|Any CPU
		{B4F144E1-486D-4445-99EE-7F5096395077}.Debug|Any CPU.Build.0 = Debug|Any CPU
		{B4F144E1-486D-4445-99EE-7F5096395077}.Release|Any CPU.ActiveCfg = Release|Any CPU
		{B4F144E1-486D-4445-99EE-7F5096395077}.Release|Any CPU.Build.0 = Release|Any CPU
		{5BAF888A-B93C-4D4F-9E06-EC4820666FF2}.Debug|Any CPU.ActiveCfg = Debug|Any CPU
		{5BAF888A-B93C-4D4F-9E06-EC4820666FF2}.Debug|Any CPU.Build.0 = Debug|Any CPU
		{5BAF888A-B93C-4D4F-9E06-EC4820666FF2}.Release|Any CPU.ActiveCfg = Release|Any CPU
		{5BAF888A-B93C-4D4F-9E06-EC4820666FF2}.Release|Any CPU.Build.0 = Release|Any CPU
		{ECF9A122-E56C-4EAC-BCB1-30C4702ADBA0}.Debug|Any CPU.ActiveCfg = Debug|Any CPU
		{ECF9A122-E56C-4EAC-BCB1-30C4702ADBA0}.Debug|Any CPU.Build.0 = Debug|Any CPU
		{ECF9A122-E56C-4EAC-BCB1-30C4702ADBA0}.Release|Any CPU.ActiveCfg = Release|Any CPU
		{ECF9A122-E56C-4EAC-BCB1-30C4702ADBA0}.Release|Any CPU.Build.0 = Release|Any CPU
		{0A5519EF-E159-4363-9A84-F23D97A245A9}.Debug|Any CPU.ActiveCfg = Debug|Any CPU
		{0A5519EF-E159-4363-9A84-F23D97A245A9}.Debug|Any CPU.Build.0 = Debug|Any CPU
		{0A5519EF-E159-4363-9A84-F23D97A245A9}.Release|Any CPU.ActiveCfg = Release|Any CPU
		{0A5519EF-E159-4363-9A84-F23D97A245A9}.Release|Any CPU.Build.0 = Release|Any CPU
		{B1E10438-C22D-4AEE-A3B9-9DF1EA91A578}.Debug|Any CPU.ActiveCfg = Debug|Any CPU
		{B1E10438-C22D-4AEE-A3B9-9DF1EA91A578}.Debug|Any CPU.Build.0 = Debug|Any CPU
		{B1E10438-C22D-4AEE-A3B9-9DF1EA91A578}.Release|Any CPU.ActiveCfg = Release|Any CPU
		{B1E10438-C22D-4AEE-A3B9-9DF1EA91A578}.Release|Any CPU.Build.0 = Release|Any CPU
		{368E0338-9BAB-42F7-B348-520D6F801013}.Debug|Any CPU.ActiveCfg = Debug|Any CPU
		{368E0338-9BAB-42F7-B348-520D6F801013}.Debug|Any CPU.Build.0 = Debug|Any CPU
		{368E0338-9BAB-42F7-B348-520D6F801013}.Release|Any CPU.ActiveCfg = Release|Any CPU
		{368E0338-9BAB-42F7-B348-520D6F801013}.Release|Any CPU.Build.0 = Release|Any CPU
		{C0BBB6BE-CA1A-45DC-8E6B-33F4C6C89720}.Debug|Any CPU.ActiveCfg = Debug|Any CPU
		{C0BBB6BE-CA1A-45DC-8E6B-33F4C6C89720}.Debug|Any CPU.Build.0 = Debug|Any CPU
		{C0BBB6BE-CA1A-45DC-8E6B-33F4C6C89720}.Release|Any CPU.ActiveCfg = Release|Any CPU
		{C0BBB6BE-CA1A-45DC-8E6B-33F4C6C89720}.Release|Any CPU.Build.0 = Release|Any CPU
		{2B2D0089-7B06-48E4-95D3-A81C7F7E28A7}.Debug|Any CPU.ActiveCfg = Debug|Any CPU
		{2B2D0089-7B06-48E4-95D3-A81C7F7E28A7}.Debug|Any CPU.Build.0 = Debug|Any CPU
		{2B2D0089-7B06-48E4-95D3-A81C7F7E28A7}.Release|Any CPU.ActiveCfg = Release|Any CPU
		{2B2D0089-7B06-48E4-95D3-A81C7F7E28A7}.Release|Any CPU.Build.0 = Release|Any CPU
		{CF018CE0-36CE-4E77-9B54-46BF0BEEA8E5}.Debug|Any CPU.ActiveCfg = Debug|Any CPU
		{CF018CE0-36CE-4E77-9B54-46BF0BEEA8E5}.Debug|Any CPU.Build.0 = Debug|Any CPU
		{CF018CE0-36CE-4E77-9B54-46BF0BEEA8E5}.Release|Any CPU.ActiveCfg = Release|Any CPU
		{CF018CE0-36CE-4E77-9B54-46BF0BEEA8E5}.Release|Any CPU.Build.0 = Release|Any CPU
		{51BD6914-7817-407E-957C-8EC1CC71A74D}.Debug|Any CPU.ActiveCfg = Debug|Any CPU
		{51BD6914-7817-407E-957C-8EC1CC71A74D}.Debug|Any CPU.Build.0 = Debug|Any CPU
		{51BD6914-7817-407E-957C-8EC1CC71A74D}.Release|Any CPU.ActiveCfg = Release|Any CPU
		{51BD6914-7817-407E-957C-8EC1CC71A74D}.Release|Any CPU.Build.0 = Release|Any CPU
		{2A702008-E5EC-48CB-93AC-6875D74BEA94}.Debug|Any CPU.ActiveCfg = Debug|Any CPU
		{2A702008-E5EC-48CB-93AC-6875D74BEA94}.Debug|Any CPU.Build.0 = Debug|Any CPU
		{2A702008-E5EC-48CB-93AC-6875D74BEA94}.Release|Any CPU.ActiveCfg = Release|Any CPU
		{2A702008-E5EC-48CB-93AC-6875D74BEA94}.Release|Any CPU.Build.0 = Release|Any CPU
		{8F3A946A-D451-453F-A9E4-1AFAFDE058B7}.Debug|Any CPU.ActiveCfg = Debug|Any CPU
		{8F3A946A-D451-453F-A9E4-1AFAFDE058B7}.Debug|Any CPU.Build.0 = Debug|Any CPU
		{8F3A946A-D451-453F-A9E4-1AFAFDE058B7}.Release|Any CPU.ActiveCfg = Release|Any CPU
		{8F3A946A-D451-453F-A9E4-1AFAFDE058B7}.Release|Any CPU.Build.0 = Release|Any CPU
		{07C27B84-3579-4EA9-BF91-F74F2BACF3F2}.Debug|Any CPU.ActiveCfg = Debug|Any CPU
		{07C27B84-3579-4EA9-BF91-F74F2BACF3F2}.Debug|Any CPU.Build.0 = Debug|Any CPU
		{07C27B84-3579-4EA9-BF91-F74F2BACF3F2}.Release|Any CPU.ActiveCfg = Release|Any CPU
		{07C27B84-3579-4EA9-BF91-F74F2BACF3F2}.Release|Any CPU.Build.0 = Release|Any CPU
		{70B63172-09B7-4864-9A04-F67814B73728}.Debug|Any CPU.ActiveCfg = Debug|Any CPU
		{70B63172-09B7-4864-9A04-F67814B73728}.Debug|Any CPU.Build.0 = Debug|Any CPU
		{70B63172-09B7-4864-9A04-F67814B73728}.Release|Any CPU.ActiveCfg = Release|Any CPU
		{70B63172-09B7-4864-9A04-F67814B73728}.Release|Any CPU.Build.0 = Release|Any CPU
		{31B928F7-2415-438C-BEFC-8AC5C95350C9}.Debug|Any CPU.ActiveCfg = Debug|Any CPU
		{31B928F7-2415-438C-BEFC-8AC5C95350C9}.Debug|Any CPU.Build.0 = Debug|Any CPU
		{31B928F7-2415-438C-BEFC-8AC5C95350C9}.Release|Any CPU.ActiveCfg = Release|Any CPU
		{31B928F7-2415-438C-BEFC-8AC5C95350C9}.Release|Any CPU.Build.0 = Release|Any CPU
		{9B018F0A-BC1A-4414-81D9-07AD69853AF1}.Debug|Any CPU.ActiveCfg = Debug|Any CPU
		{9B018F0A-BC1A-4414-81D9-07AD69853AF1}.Debug|Any CPU.Build.0 = Debug|Any CPU
		{9B018F0A-BC1A-4414-81D9-07AD69853AF1}.Release|Any CPU.ActiveCfg = Release|Any CPU
		{9B018F0A-BC1A-4414-81D9-07AD69853AF1}.Release|Any CPU.Build.0 = Release|Any CPU
		{C504A638-2B0F-4411-A914-FFA8BB7E2619}.Debug|Any CPU.ActiveCfg = Debug|Any CPU
		{C504A638-2B0F-4411-A914-FFA8BB7E2619}.Debug|Any CPU.Build.0 = Debug|Any CPU
		{C504A638-2B0F-4411-A914-FFA8BB7E2619}.Release|Any CPU.ActiveCfg = Release|Any CPU
		{C504A638-2B0F-4411-A914-FFA8BB7E2619}.Release|Any CPU.Build.0 = Release|Any CPU
		{52E1E2EF-9BED-484A-89CD-CEC586072B62}.Debug|Any CPU.ActiveCfg = Debug|Any CPU
		{52E1E2EF-9BED-484A-89CD-CEC586072B62}.Debug|Any CPU.Build.0 = Debug|Any CPU
		{52E1E2EF-9BED-484A-89CD-CEC586072B62}.Release|Any CPU.ActiveCfg = Release|Any CPU
		{52E1E2EF-9BED-484A-89CD-CEC586072B62}.Release|Any CPU.Build.0 = Release|Any CPU
		{59325237-0FF8-4B60-B37E-9CC2E907DD2B}.Debug|Any CPU.ActiveCfg = Debug|Any CPU
		{59325237-0FF8-4B60-B37E-9CC2E907DD2B}.Debug|Any CPU.Build.0 = Debug|Any CPU
		{59325237-0FF8-4B60-B37E-9CC2E907DD2B}.Release|Any CPU.ActiveCfg = Release|Any CPU
		{59325237-0FF8-4B60-B37E-9CC2E907DD2B}.Release|Any CPU.Build.0 = Release|Any CPU
		{BCA4260D-6A1B-42C9-ABA0-C6E8F8FCD7B5}.Debug|Any CPU.ActiveCfg = Debug|Any CPU
		{BCA4260D-6A1B-42C9-ABA0-C6E8F8FCD7B5}.Debug|Any CPU.Build.0 = Debug|Any CPU
		{BCA4260D-6A1B-42C9-ABA0-C6E8F8FCD7B5}.Release|Any CPU.ActiveCfg = Release|Any CPU
		{BCA4260D-6A1B-42C9-ABA0-C6E8F8FCD7B5}.Release|Any CPU.Build.0 = Release|Any CPU
		{E4DCEE02-6806-4AC5-AD19-E265952A1CDC}.Debug|Any CPU.ActiveCfg = Debug|Any CPU
		{E4DCEE02-6806-4AC5-AD19-E265952A1CDC}.Debug|Any CPU.Build.0 = Debug|Any CPU
		{E4DCEE02-6806-4AC5-AD19-E265952A1CDC}.Release|Any CPU.ActiveCfg = Release|Any CPU
		{E4DCEE02-6806-4AC5-AD19-E265952A1CDC}.Release|Any CPU.Build.0 = Release|Any CPU
		{C5F8349E-9708-4550-A82E-CD785EA82C04}.Debug|Any CPU.ActiveCfg = Debug|Any CPU
		{C5F8349E-9708-4550-A82E-CD785EA82C04}.Debug|Any CPU.Build.0 = Debug|Any CPU
		{C5F8349E-9708-4550-A82E-CD785EA82C04}.Release|Any CPU.ActiveCfg = Release|Any CPU
		{C5F8349E-9708-4550-A82E-CD785EA82C04}.Release|Any CPU.Build.0 = Release|Any CPU
		{B0F8F16F-FA43-4060-BC93-03E666195F08}.Debug|Any CPU.ActiveCfg = Debug|Any CPU
		{B0F8F16F-FA43-4060-BC93-03E666195F08}.Debug|Any CPU.Build.0 = Debug|Any CPU
		{B0F8F16F-FA43-4060-BC93-03E666195F08}.Release|Any CPU.ActiveCfg = Release|Any CPU
		{B0F8F16F-FA43-4060-BC93-03E666195F08}.Release|Any CPU.Build.0 = Release|Any CPU
		{85CCC2B4-53B7-4A99-BCC7-91D55D0C4062}.Debug|Any CPU.ActiveCfg = Debug|Any CPU
		{85CCC2B4-53B7-4A99-BCC7-91D55D0C4062}.Debug|Any CPU.Build.0 = Debug|Any CPU
		{85CCC2B4-53B7-4A99-BCC7-91D55D0C4062}.Release|Any CPU.ActiveCfg = Release|Any CPU
		{85CCC2B4-53B7-4A99-BCC7-91D55D0C4062}.Release|Any CPU.Build.0 = Release|Any CPU
		{C600357D-8FB8-42DF-BE84-E27F3167AB76}.Debug|Any CPU.ActiveCfg = Debug|Any CPU
		{C600357D-8FB8-42DF-BE84-E27F3167AB76}.Debug|Any CPU.Build.0 = Debug|Any CPU
		{C600357D-8FB8-42DF-BE84-E27F3167AB76}.Release|Any CPU.ActiveCfg = Release|Any CPU
		{C600357D-8FB8-42DF-BE84-E27F3167AB76}.Release|Any CPU.Build.0 = Release|Any CPU
		{678A08C5-AF7E-4C5C-9538-186DA41B8A9C}.Debug|Any CPU.ActiveCfg = Debug|Any CPU
		{678A08C5-AF7E-4C5C-9538-186DA41B8A9C}.Debug|Any CPU.Build.0 = Debug|Any CPU
		{678A08C5-AF7E-4C5C-9538-186DA41B8A9C}.Release|Any CPU.ActiveCfg = Release|Any CPU
		{678A08C5-AF7E-4C5C-9538-186DA41B8A9C}.Release|Any CPU.Build.0 = Release|Any CPU
		{143C64F8-4C14-4279-8578-F8CB18416F5E}.Debug|Any CPU.ActiveCfg = Debug|Any CPU
		{143C64F8-4C14-4279-8578-F8CB18416F5E}.Debug|Any CPU.Build.0 = Debug|Any CPU
		{143C64F8-4C14-4279-8578-F8CB18416F5E}.Release|Any CPU.ActiveCfg = Release|Any CPU
		{143C64F8-4C14-4279-8578-F8CB18416F5E}.Release|Any CPU.Build.0 = Release|Any CPU
		{54B459BD-8C8D-496A-88B0-4FCFCF9BA6F0}.Debug|Any CPU.ActiveCfg = Debug|Any CPU
		{54B459BD-8C8D-496A-88B0-4FCFCF9BA6F0}.Debug|Any CPU.Build.0 = Debug|Any CPU
		{54B459BD-8C8D-496A-88B0-4FCFCF9BA6F0}.Release|Any CPU.ActiveCfg = Release|Any CPU
		{54B459BD-8C8D-496A-88B0-4FCFCF9BA6F0}.Release|Any CPU.Build.0 = Release|Any CPU
		{51D70487-C05E-420B-A80E-592D2AD82635}.Debug|Any CPU.ActiveCfg = Debug|Any CPU
		{51D70487-C05E-420B-A80E-592D2AD82635}.Debug|Any CPU.Build.0 = Debug|Any CPU
		{51D70487-C05E-420B-A80E-592D2AD82635}.Release|Any CPU.ActiveCfg = Release|Any CPU
		{51D70487-C05E-420B-A80E-592D2AD82635}.Release|Any CPU.Build.0 = Release|Any CPU
		{8B52B144-C443-4538-9017-4046D234EB99}.Debug|Any CPU.ActiveCfg = Debug|Any CPU
		{8B52B144-C443-4538-9017-4046D234EB99}.Debug|Any CPU.Build.0 = Debug|Any CPU
		{8B52B144-C443-4538-9017-4046D234EB99}.Release|Any CPU.ActiveCfg = Release|Any CPU
		{8B52B144-C443-4538-9017-4046D234EB99}.Release|Any CPU.Build.0 = Release|Any CPU
		{A8407874-0876-492B-82A5-088D7CA26BCC}.Debug|Any CPU.ActiveCfg = Debug|Any CPU
		{A8407874-0876-492B-82A5-088D7CA26BCC}.Debug|Any CPU.Build.0 = Debug|Any CPU
		{A8407874-0876-492B-82A5-088D7CA26BCC}.Release|Any CPU.ActiveCfg = Release|Any CPU
		{A8407874-0876-492B-82A5-088D7CA26BCC}.Release|Any CPU.Build.0 = Release|Any CPU
		{946F55C4-B105-4FC8-BBC3-84CC29D408C7}.Debug|Any CPU.ActiveCfg = Debug|Any CPU
		{946F55C4-B105-4FC8-BBC3-84CC29D408C7}.Debug|Any CPU.Build.0 = Debug|Any CPU
		{946F55C4-B105-4FC8-BBC3-84CC29D408C7}.Release|Any CPU.ActiveCfg = Release|Any CPU
		{946F55C4-B105-4FC8-BBC3-84CC29D408C7}.Release|Any CPU.Build.0 = Release|Any CPU
		{0E6D82F5-D2FB-4338-AFD9-F00380E4047B}.Debug|Any CPU.ActiveCfg = Debug|Any CPU
		{0E6D82F5-D2FB-4338-AFD9-F00380E4047B}.Debug|Any CPU.Build.0 = Debug|Any CPU
		{0E6D82F5-D2FB-4338-AFD9-F00380E4047B}.Release|Any CPU.ActiveCfg = Release|Any CPU
		{0E6D82F5-D2FB-4338-AFD9-F00380E4047B}.Release|Any CPU.Build.0 = Release|Any CPU
		{7A21551D-B950-4505-9D85-31A05759FBAD}.Debug|Any CPU.ActiveCfg = Debug|Any CPU
		{7A21551D-B950-4505-9D85-31A05759FBAD}.Debug|Any CPU.Build.0 = Debug|Any CPU
		{7A21551D-B950-4505-9D85-31A05759FBAD}.Release|Any CPU.ActiveCfg = Release|Any CPU
		{7A21551D-B950-4505-9D85-31A05759FBAD}.Release|Any CPU.Build.0 = Release|Any CPU
		{481591F9-11CA-4084-B01B-48841F828D20}.Debug|Any CPU.ActiveCfg = Debug|Any CPU
		{481591F9-11CA-4084-B01B-48841F828D20}.Debug|Any CPU.Build.0 = Debug|Any CPU
		{481591F9-11CA-4084-B01B-48841F828D20}.Release|Any CPU.ActiveCfg = Release|Any CPU
		{481591F9-11CA-4084-B01B-48841F828D20}.Release|Any CPU.Build.0 = Release|Any CPU
		{F1B6FF69-D764-417A-8398-CE18D63E5991}.Debug|Any CPU.ActiveCfg = Debug|Any CPU
		{F1B6FF69-D764-417A-8398-CE18D63E5991}.Debug|Any CPU.Build.0 = Debug|Any CPU
		{F1B6FF69-D764-417A-8398-CE18D63E5991}.Release|Any CPU.ActiveCfg = Release|Any CPU
		{F1B6FF69-D764-417A-8398-CE18D63E5991}.Release|Any CPU.Build.0 = Release|Any CPU
		{F48B7E9F-C0D0-4C00-8BB2-55524D68CF83}.Debug|Any CPU.ActiveCfg = Debug|Any CPU
		{F48B7E9F-C0D0-4C00-8BB2-55524D68CF83}.Debug|Any CPU.Build.0 = Debug|Any CPU
		{F48B7E9F-C0D0-4C00-8BB2-55524D68CF83}.Release|Any CPU.ActiveCfg = Release|Any CPU
		{F48B7E9F-C0D0-4C00-8BB2-55524D68CF83}.Release|Any CPU.Build.0 = Release|Any CPU
		{B4F32403-6C5B-492E-B4CA-4B9CF168E7DD}.Debug|Any CPU.ActiveCfg = Debug|Any CPU
		{B4F32403-6C5B-492E-B4CA-4B9CF168E7DD}.Debug|Any CPU.Build.0 = Debug|Any CPU
		{B4F32403-6C5B-492E-B4CA-4B9CF168E7DD}.Release|Any CPU.ActiveCfg = Release|Any CPU
		{B4F32403-6C5B-492E-B4CA-4B9CF168E7DD}.Release|Any CPU.Build.0 = Release|Any CPU
		{8055BFFF-2226-4647-9451-4298A0A34242}.Debug|Any CPU.ActiveCfg = Debug|Any CPU
		{8055BFFF-2226-4647-9451-4298A0A34242}.Debug|Any CPU.Build.0 = Debug|Any CPU
		{8055BFFF-2226-4647-9451-4298A0A34242}.Release|Any CPU.ActiveCfg = Release|Any CPU
		{8055BFFF-2226-4647-9451-4298A0A34242}.Release|Any CPU.Build.0 = Release|Any CPU
	EndGlobalSection
	GlobalSection(SolutionProperties) = preSolution
		HideSolutionNode = FALSE
	EndGlobalSection
	GlobalSection(NestedProjects) = preSolution
		{EFCFC072-36F9-4457-B656-67E97E26DE0A} = {0D7C1903-4D5E-4737-968F-DC7B10408EC7}
		{2F536FD7-87E5-4E7F-BDDF-6F43AB2471E7} = {0D7C1903-4D5E-4737-968F-DC7B10408EC7}
		{1C1D6B5B-579D-4B59-ABE6-3BE6B4BA97C1} = {0D7C1903-4D5E-4737-968F-DC7B10408EC7}
		{45B3E0DC-3B9C-4040-A510-5EDD888F77E0} = {0D7C1903-4D5E-4737-968F-DC7B10408EC7}
		{B4F144E1-486D-4445-99EE-7F5096395077} = {0555D4C6-E383-44C4-886D-26B8832AAB0A}
		{5BAF888A-B93C-4D4F-9E06-EC4820666FF2} = {59BE0237-DF56-4B61-AE28-86FC0C203D7A}
		{ECF9A122-E56C-4EAC-BCB1-30C4702ADBA0} = {59BE0237-DF56-4B61-AE28-86FC0C203D7A}
		{0A5519EF-E159-4363-9A84-F23D97A245A9} = {59BE0237-DF56-4B61-AE28-86FC0C203D7A}
		{B1E10438-C22D-4AEE-A3B9-9DF1EA91A578} = {59BE0237-DF56-4B61-AE28-86FC0C203D7A}
		{368E0338-9BAB-42F7-B348-520D6F801013} = {59BE0237-DF56-4B61-AE28-86FC0C203D7A}
		{C0BBB6BE-CA1A-45DC-8E6B-33F4C6C89720} = {59BE0237-DF56-4B61-AE28-86FC0C203D7A}
		{2B2D0089-7B06-48E4-95D3-A81C7F7E28A7} = {59BE0237-DF56-4B61-AE28-86FC0C203D7A}
		{CF018CE0-36CE-4E77-9B54-46BF0BEEA8E5} = {25A52101-2F41-4741-B307-550D78A866FB}
		{51BD6914-7817-407E-957C-8EC1CC71A74D} = {0555D4C6-E383-44C4-886D-26B8832AAB0A}
		{2A702008-E5EC-48CB-93AC-6875D74BEA94} = {25A52101-2F41-4741-B307-550D78A866FB}
		{8F3A946A-D451-453F-A9E4-1AFAFDE058B7} = {25A52101-2F41-4741-B307-550D78A866FB}
		{07C27B84-3579-4EA9-BF91-F74F2BACF3F2} = {25A52101-2F41-4741-B307-550D78A866FB}
		{70B63172-09B7-4864-9A04-F67814B73728} = {25A52101-2F41-4741-B307-550D78A866FB}
		{31B928F7-2415-438C-BEFC-8AC5C95350C9} = {3E933254-6075-47F1-A178-E1A74B382292}
		{9B018F0A-BC1A-4414-81D9-07AD69853AF1} = {4E9D5538-43EF-4A15-8977-11233FC1B8F3}
		{C504A638-2B0F-4411-A914-FFA8BB7E2619} = {3E933254-6075-47F1-A178-E1A74B382292}
		{52E1E2EF-9BED-484A-89CD-CEC586072B62} = {DADF7360-0959-4FC9-8263-8A9B1B778D7B}
		{59325237-0FF8-4B60-B37E-9CC2E907DD2B} = {3C248AA6-AE56-4E05-8709-ECDD18594080}
		{BCA4260D-6A1B-42C9-ABA0-C6E8F8FCD7B5} = {CA71E806-06AC-4BE4-8DDD-44EF70629982}
		{E4DCEE02-6806-4AC5-AD19-E265952A1CDC} = {CA71E806-06AC-4BE4-8DDD-44EF70629982}
		{C5F8349E-9708-4550-A82E-CD785EA82C04} = {CA71E806-06AC-4BE4-8DDD-44EF70629982}
		{B0F8F16F-FA43-4060-BC93-03E666195F08} = {3DFFD8E9-A6BB-4AB8-BA94-2648BBE9D359}
		{85CCC2B4-53B7-4A99-BCC7-91D55D0C4062} = {3DFFD8E9-A6BB-4AB8-BA94-2648BBE9D359}
		{C600357D-8FB8-42DF-BE84-E27F3167AB76} = {799A5DC1-D8D5-4480-A30A-114B8C2A5A98}
		{678A08C5-AF7E-4C5C-9538-186DA41B8A9C} = {FB91CF63-5168-4575-A108-4FF96552A599}
		{143C64F8-4C14-4279-8578-F8CB18416F5E} = {FB91CF63-5168-4575-A108-4FF96552A599}
		{54B459BD-8C8D-496A-88B0-4FCFCF9BA6F0} = {59EC6D2E-6851-4CC2-B655-58FE0260B493}
		{51D70487-C05E-420B-A80E-592D2AD82635} = {CA71E806-06AC-4BE4-8DDD-44EF70629982}
		{8B52B144-C443-4538-9017-4046D234EB99} = {51AF25F4-0889-4C0A-80BC-13FB2B014963}
		{A8407874-0876-492B-82A5-088D7CA26BCC} = {51AF25F4-0889-4C0A-80BC-13FB2B014963}
		{946F55C4-B105-4FC8-BBC3-84CC29D408C7} = {CEC7CB22-C543-4835-BF79-0858C3300F06}
		{0E6D82F5-D2FB-4338-AFD9-F00380E4047B} = {CEC7CB22-C543-4835-BF79-0858C3300F06}
		{7A21551D-B950-4505-9D85-31A05759FBAD} = {EED3DB6D-510B-4694-8393-A629BBEBB8B0}
		{481591F9-11CA-4084-B01B-48841F828D20} = {EED3DB6D-510B-4694-8393-A629BBEBB8B0}
		{F1B6FF69-D764-417A-8398-CE18D63E5991} = {EED3DB6D-510B-4694-8393-A629BBEBB8B0}
		{F48B7E9F-C0D0-4C00-8BB2-55524D68CF83} = {EED3DB6D-510B-4694-8393-A629BBEBB8B0}
		{B4F32403-6C5B-492E-B4CA-4B9CF168E7DD} = {EED3DB6D-510B-4694-8393-A629BBEBB8B0}
		{8055BFFF-2226-4647-9451-4298A0A34242} = {EED3DB6D-510B-4694-8393-A629BBEBB8B0}
	EndGlobalSection
	GlobalSection(ExtensibilityGlobals) = postSolution
		SolutionGuid = {52B216BC-B15A-4AF0-82A6-371F06A08601}
	EndGlobalSection
EndGlobal
